// !$*UTF8*$!
{
	archiveVersion = 1;
	classes = {
	};
	objectVersion = 46;
	objects = {

/* Begin PBXBuildFile section */
		8B2EB2BA1785A604009851B1 /* UIKit.framework in Frameworks */ = {isa = PBXBuildFile; fileRef = 8B2EB2B91785A604009851B1 /* UIKit.framework */; };
		8B2EB2BC1785A604009851B1 /* Foundation.framework in Frameworks */ = {isa = PBXBuildFile; fileRef = 8B2EB2BB1785A604009851B1 /* Foundation.framework */; };
		8B2EB2BE1785A604009851B1 /* CoreGraphics.framework in Frameworks */ = {isa = PBXBuildFile; fileRef = 8B2EB2BD1785A604009851B1 /* CoreGraphics.framework */; };
		8B2EB2C41785A604009851B1 /* InfoPlist.strings in Resources */ = {isa = PBXBuildFile; fileRef = 8B2EB2C21785A604009851B1 /* InfoPlist.strings */; };
		8B2EB2C61785A604009851B1 /* main.m in Sources */ = {isa = PBXBuildFile; fileRef = 8B2EB2C51785A604009851B1 /* main.m */; };
		8B2EB2CA1785A604009851B1 /* CardGameAppDelegate.m in Sources */ = {isa = PBXBuildFile; fileRef = 8B2EB2C91785A604009851B1 /* CardGameAppDelegate.m */; };
		8B2EB2CC1785A604009851B1 /* Default.png in Resources */ = {isa = PBXBuildFile; fileRef = 8B2EB2CB1785A604009851B1 /* Default.png */; };
		8B2EB2CE1785A604009851B1 /* Default@2x.png in Resources */ = {isa = PBXBuildFile; fileRef = 8B2EB2CD1785A604009851B1 /* Default@2x.png */; };
		8B2EB2D01785A604009851B1 /* Default-568h@2x.png in Resources */ = {isa = PBXBuildFile; fileRef = 8B2EB2CF1785A604009851B1 /* Default-568h@2x.png */; };
		8B2EB2D31785A604009851B1 /* MainStoryboard.storyboard in Resources */ = {isa = PBXBuildFile; fileRef = 8B2EB2D11785A604009851B1 /* MainStoryboard.storyboard */; };
		8B2EB2D61785A604009851B1 /* CardGameViewController.m in Sources */ = {isa = PBXBuildFile; fileRef = 8B2EB2D51785A604009851B1 /* CardGameViewController.m */; };
		8B2EB2DE1785B196009851B1 /* Card.m in Sources */ = {isa = PBXBuildFile; fileRef = 8B2EB2DD1785B196009851B1 /* Card.m */; };
		8B2EB2E21785B1B8009851B1 /* Deck.m in Sources */ = {isa = PBXBuildFile; fileRef = 8B2EB2E11785B1B8009851B1 /* Deck.m */; };
		8B2EB2E51785B1DB009851B1 /* PlayingCard.m in Sources */ = {isa = PBXBuildFile; fileRef = 8B2EB2E41785B1DB009851B1 /* PlayingCard.m */; };
		8B2EB2EB1785B30B009851B1 /* PlayingCardDeck.m in Sources */ = {isa = PBXBuildFile; fileRef = 8B2EB2EA1785B30B009851B1 /* PlayingCardDeck.m */; };
		8B2EB2EE1785BA26009851B1 /* CardMatchingGame.m in Sources */ = {isa = PBXBuildFile; fileRef = 8B2EB2ED1785BA26009851B1 /* CardMatchingGame.m */; };
		8B2EB2F01785C108009851B1 /* blueCardBack.jpg in Resources */ = {isa = PBXBuildFile; fileRef = 8B2EB2EF1785C108009851B1 /* blueCardBack.jpg */; };
		8B2EB2F21785C112009851B1 /* redCardBack.jpg in Resources */ = {isa = PBXBuildFile; fileRef = 8B2EB2F11785C112009851B1 /* redCardBack.jpg */; };
		8B2EB2F51786EAB3009851B1 /* GameResultViewController.m in Sources */ = {isa = PBXBuildFile; fileRef = 8B2EB2F41786EAB3009851B1 /* GameResultViewController.m */; };
		8B2EB2F81786ECAC009851B1 /* GameResult.m in Sources */ = {isa = PBXBuildFile; fileRef = 8B2EB2F71786ECAC009851B1 /* GameResult.m */; };
		8B3D7ED21795EBB100E8C610 /* match.png in Resources */ = {isa = PBXBuildFile; fileRef = 8B3D7ED11795EBB100E8C610 /* match.png */; };
		8B3D7ED41795EE3100E8C610 /* set.png in Resources */ = {isa = PBXBuildFile; fileRef = 8B3D7ED31795EE3100E8C610 /* set.png */; };
		8B3D7ED61795EFAA00E8C610 /* scores.png in Resources */ = {isa = PBXBuildFile; fileRef = 8B3D7ED51795EFAA00E8C610 /* scores.png */; };
		8B3D7ED81795F0B000E8C610 /* settings.png in Resources */ = {isa = PBXBuildFile; fileRef = 8B3D7ED71795F0B000E8C610 /* settings.png */; };
		8B3D7EDA1795F15700E8C610 /* matchismo-icons.ai in Resources */ = {isa = PBXBuildFile; fileRef = 8B3D7ED91795F15700E8C610 /* matchismo-icons.ai */; };
		8B3D7F11179F169D00E8C610 /* PlayingCardView.m in Sources */ = {isa = PBXBuildFile; fileRef = 8B3D7EF7179F169D00E8C610 /* PlayingCardView.m */; };
		8B3D7F14179F177E00E8C610 /* PlayingCardCollectionViewCell.m in Sources */ = {isa = PBXBuildFile; fileRef = 8B3D7F13179F177E00E8C610 /* PlayingCardCollectionViewCell.m */; };
		8B3D7FC1179F2D5900E8C610 /* J♠.jpg in Resources */ = {isa = PBXBuildFile; fileRef = 8B3D7FA9179F2D5900E8C610 /* J♠.jpg */; };
		8B3D7FC2179F2D5900E8C610 /* J♠@2x.jpg in Resources */ = {isa = PBXBuildFile; fileRef = 8B3D7FAA179F2D5900E8C610 /* J♠@2x.jpg */; };
		8B3D7FC3179F2D5900E8C610 /* J♣.jpg in Resources */ = {isa = PBXBuildFile; fileRef = 8B3D7FAB179F2D5900E8C610 /* J♣.jpg */; };
		8B3D7FC4179F2D5900E8C610 /* J♣@2x.jpg in Resources */ = {isa = PBXBuildFile; fileRef = 8B3D7FAC179F2D5900E8C610 /* J♣@2x.jpg */; };
		8B3D7FC5179F2D5900E8C610 /* J♥.jpg in Resources */ = {isa = PBXBuildFile; fileRef = 8B3D7FAD179F2D5900E8C610 /* J♥.jpg */; };
		8B3D7FC6179F2D5900E8C610 /* J♥@2x.jpg in Resources */ = {isa = PBXBuildFile; fileRef = 8B3D7FAE179F2D5900E8C610 /* J♥@2x.jpg */; };
		8B3D7FC7179F2D5900E8C610 /* J♦.jpg in Resources */ = {isa = PBXBuildFile; fileRef = 8B3D7FAF179F2D5900E8C610 /* J♦.jpg */; };
		8B3D7FC8179F2D5900E8C610 /* J♦@2x.jpg in Resources */ = {isa = PBXBuildFile; fileRef = 8B3D7FB0179F2D5900E8C610 /* J♦@2x.jpg */; };
		8B3D7FC9179F2D5900E8C610 /* K♠.jpg in Resources */ = {isa = PBXBuildFile; fileRef = 8B3D7FB1179F2D5900E8C610 /* K♠.jpg */; };
		8B3D7FCA179F2D5900E8C610 /* K♠@2x.jpg in Resources */ = {isa = PBXBuildFile; fileRef = 8B3D7FB2179F2D5900E8C610 /* K♠@2x.jpg */; };
		8B3D7FCB179F2D5900E8C610 /* K♣.jpg in Resources */ = {isa = PBXBuildFile; fileRef = 8B3D7FB3179F2D5900E8C610 /* K♣.jpg */; };
		8B3D7FCC179F2D5900E8C610 /* K♣@2x.jpg in Resources */ = {isa = PBXBuildFile; fileRef = 8B3D7FB4179F2D5900E8C610 /* K♣@2x.jpg */; };
		8B3D7FCD179F2D5900E8C610 /* K♥.jpg in Resources */ = {isa = PBXBuildFile; fileRef = 8B3D7FB5179F2D5900E8C610 /* K♥.jpg */; };
		8B3D7FCE179F2D5900E8C610 /* K♥@2x.jpg in Resources */ = {isa = PBXBuildFile; fileRef = 8B3D7FB6179F2D5900E8C610 /* K♥@2x.jpg */; };
		8B3D7FCF179F2D5900E8C610 /* K♦.jpg in Resources */ = {isa = PBXBuildFile; fileRef = 8B3D7FB7179F2D5900E8C610 /* K♦.jpg */; };
		8B3D7FD0179F2D5900E8C610 /* K♦@2x.jpg in Resources */ = {isa = PBXBuildFile; fileRef = 8B3D7FB8179F2D5900E8C610 /* K♦@2x.jpg */; };
		8B3D7FD1179F2D5900E8C610 /* Q♠.jpg in Resources */ = {isa = PBXBuildFile; fileRef = 8B3D7FB9179F2D5900E8C610 /* Q♠.jpg */; };
		8B3D7FD2179F2D5900E8C610 /* Q♠@2x.jpg in Resources */ = {isa = PBXBuildFile; fileRef = 8B3D7FBA179F2D5900E8C610 /* Q♠@2x.jpg */; };
		8B3D7FD3179F2D5900E8C610 /* Q♣.jpg in Resources */ = {isa = PBXBuildFile; fileRef = 8B3D7FBB179F2D5900E8C610 /* Q♣.jpg */; };
		8B3D7FD4179F2D5900E8C610 /* Q♣@2x.jpg in Resources */ = {isa = PBXBuildFile; fileRef = 8B3D7FBC179F2D5900E8C610 /* Q♣@2x.jpg */; };
		8B3D7FD5179F2D5900E8C610 /* Q♥.jpg in Resources */ = {isa = PBXBuildFile; fileRef = 8B3D7FBD179F2D5900E8C610 /* Q♥.jpg */; };
		8B3D7FD6179F2D5900E8C610 /* Q♥@2x.jpg in Resources */ = {isa = PBXBuildFile; fileRef = 8B3D7FBE179F2D5900E8C610 /* Q♥@2x.jpg */; };
		8B3D7FD7179F2D5900E8C610 /* Q♦.jpg in Resources */ = {isa = PBXBuildFile; fileRef = 8B3D7FBF179F2D5900E8C610 /* Q♦.jpg */; };
		8B3D7FD8179F2D5900E8C610 /* Q♦@2x.jpg in Resources */ = {isa = PBXBuildFile; fileRef = 8B3D7FC0179F2D5900E8C610 /* Q♦@2x.jpg */; };
		8B7AB37617A011D7002232BE /* SetCardView.m in Sources */ = {isa = PBXBuildFile; fileRef = 8B7AB37517A011D7002232BE /* SetCardView.m */; };
		8B7AB37A17A01272002232BE /* SetCardCollectionViewCell.m in Sources */ = {isa = PBXBuildFile; fileRef = 8B7AB37917A01272002232BE /* SetCardCollectionViewCell.m */; };
		8B86394917B0620200824563 /* CardView.m in Sources */ = {isa = PBXBuildFile; fileRef = 8B86394817B0620200824563 /* CardView.m */; };
		8BD84307178B62FC000319DF /* SetCard.m in Sources */ = {isa = PBXBuildFile; fileRef = 8BD84306178B62FC000319DF /* SetCard.m */; };
		8BD8430A178C881B000319DF /* SetCardGameViewController.m in Sources */ = {isa = PBXBuildFile; fileRef = 8BD84309178C881B000319DF /* SetCardGameViewController.m */; };
		8BE19A961796E63B00A4CE0D /* Settings.m in Sources */ = {isa = PBXBuildFile; fileRef = 8BE19A951796E63B00A4CE0D /* Settings.m */; };
		8BE19A991797123F00A4CE0D /* SettingsViewController.m in Sources */ = {isa = PBXBuildFile; fileRef = 8BE19A981797123F00A4CE0D /* SettingsViewController.m */; };
		8BF1D79A178C4AF000F91A72 /* SetCardDeck.m in Sources */ = {isa = PBXBuildFile; fileRef = 8BF1D799178C4AF000F91A72 /* SetCardDeck.m */; };
		8BF1D79D178C61ED00F91A72 /* PlayingCardGameViewController.m in Sources */ = {isa = PBXBuildFile; fileRef = 8BF1D79C178C61ED00F91A72 /* PlayingCardGameViewController.m */; };
/* End PBXBuildFile section */

/* Begin PBXFileReference section */
		8B2EB2B61785A604009851B1 /* Matchismo.app */ = {isa = PBXFileReference; explicitFileType = wrapper.application; includeInIndex = 0; path = Matchismo.app; sourceTree = BUILT_PRODUCTS_DIR; };
		8B2EB2B91785A604009851B1 /* UIKit.framework */ = {isa = PBXFileReference; lastKnownFileType = wrapper.framework; name = UIKit.framework; path = System/Library/Frameworks/UIKit.framework; sourceTree = SDKROOT; };
		8B2EB2BB1785A604009851B1 /* Foundation.framework */ = {isa = PBXFileReference; lastKnownFileType = wrapper.framework; name = Foundation.framework; path = System/Library/Frameworks/Foundation.framework; sourceTree = SDKROOT; };
		8B2EB2BD1785A604009851B1 /* CoreGraphics.framework */ = {isa = PBXFileReference; lastKnownFileType = wrapper.framework; name = CoreGraphics.framework; path = System/Library/Frameworks/CoreGraphics.framework; sourceTree = SDKROOT; };
		8B2EB2C11785A604009851B1 /* Matchismo-Info.plist */ = {isa = PBXFileReference; lastKnownFileType = text.plist.xml; path = "Matchismo-Info.plist"; sourceTree = "<group>"; };
		8B2EB2C31785A604009851B1 /* en */ = {isa = PBXFileReference; lastKnownFileType = text.plist.strings; name = en; path = en.lproj/InfoPlist.strings; sourceTree = "<group>"; };
		8B2EB2C51785A604009851B1 /* main.m */ = {isa = PBXFileReference; lastKnownFileType = sourcecode.c.objc; path = main.m; sourceTree = "<group>"; };
		8B2EB2C71785A604009851B1 /* Matchismo-Prefix.pch */ = {isa = PBXFileReference; lastKnownFileType = sourcecode.c.h; path = "Matchismo-Prefix.pch"; sourceTree = "<group>"; };
		8B2EB2C81785A604009851B1 /* CardGameAppDelegate.h */ = {isa = PBXFileReference; lastKnownFileType = sourcecode.c.h; path = CardGameAppDelegate.h; sourceTree = "<group>"; };
		8B2EB2C91785A604009851B1 /* CardGameAppDelegate.m */ = {isa = PBXFileReference; lastKnownFileType = sourcecode.c.objc; path = CardGameAppDelegate.m; sourceTree = "<group>"; };
		8B2EB2CB1785A604009851B1 /* Default.png */ = {isa = PBXFileReference; lastKnownFileType = image.png; path = Default.png; sourceTree = "<group>"; };
		8B2EB2CD1785A604009851B1 /* Default@2x.png */ = {isa = PBXFileReference; lastKnownFileType = image.png; path = "Default@2x.png"; sourceTree = "<group>"; };
		8B2EB2CF1785A604009851B1 /* Default-568h@2x.png */ = {isa = PBXFileReference; lastKnownFileType = image.png; path = "Default-568h@2x.png"; sourceTree = "<group>"; };
		8B2EB2D21785A604009851B1 /* en */ = {isa = PBXFileReference; lastKnownFileType = file.storyboard; name = en; path = en.lproj/MainStoryboard.storyboard; sourceTree = "<group>"; };
		8B2EB2D41785A604009851B1 /* CardGameViewController.h */ = {isa = PBXFileReference; lastKnownFileType = sourcecode.c.h; path = CardGameViewController.h; sourceTree = "<group>"; };
		8B2EB2D51785A604009851B1 /* CardGameViewController.m */ = {isa = PBXFileReference; lastKnownFileType = sourcecode.c.objc; path = CardGameViewController.m; sourceTree = "<group>"; };
		8B2EB2DC1785B196009851B1 /* Card.h */ = {isa = PBXFileReference; fileEncoding = 4; lastKnownFileType = sourcecode.c.h; name = Card.h; path = Model/Card.h; sourceTree = "<group>"; };
		8B2EB2DD1785B196009851B1 /* Card.m */ = {isa = PBXFileReference; fileEncoding = 4; lastKnownFileType = sourcecode.c.objc; name = Card.m; path = Model/Card.m; sourceTree = "<group>"; };
		8B2EB2E01785B1B8009851B1 /* Deck.h */ = {isa = PBXFileReference; fileEncoding = 4; lastKnownFileType = sourcecode.c.h; name = Deck.h; path = Model/Deck.h; sourceTree = "<group>"; };
		8B2EB2E11785B1B8009851B1 /* Deck.m */ = {isa = PBXFileReference; fileEncoding = 4; lastKnownFileType = sourcecode.c.objc; name = Deck.m; path = Model/Deck.m; sourceTree = "<group>"; };
		8B2EB2E31785B1DB009851B1 /* PlayingCard.h */ = {isa = PBXFileReference; fileEncoding = 4; lastKnownFileType = sourcecode.c.h; name = PlayingCard.h; path = Model/PlayingCard.h; sourceTree = "<group>"; };
		8B2EB2E41785B1DB009851B1 /* PlayingCard.m */ = {isa = PBXFileReference; fileEncoding = 4; lastKnownFileType = sourcecode.c.objc; name = PlayingCard.m; path = Model/PlayingCard.m; sourceTree = "<group>"; };
		8B2EB2E91785B30B009851B1 /* PlayingCardDeck.h */ = {isa = PBXFileReference; fileEncoding = 4; lastKnownFileType = sourcecode.c.h; name = PlayingCardDeck.h; path = Model/PlayingCardDeck.h; sourceTree = "<group>"; };
		8B2EB2EA1785B30B009851B1 /* PlayingCardDeck.m */ = {isa = PBXFileReference; fileEncoding = 4; lastKnownFileType = sourcecode.c.objc; name = PlayingCardDeck.m; path = Model/PlayingCardDeck.m; sourceTree = "<group>"; };
		8B2EB2EC1785BA26009851B1 /* CardMatchingGame.h */ = {isa = PBXFileReference; fileEncoding = 4; lastKnownFileType = sourcecode.c.h; name = CardMatchingGame.h; path = Model/CardMatchingGame.h; sourceTree = "<group>"; };
		8B2EB2ED1785BA26009851B1 /* CardMatchingGame.m */ = {isa = PBXFileReference; fileEncoding = 4; lastKnownFileType = sourcecode.c.objc; name = CardMatchingGame.m; path = Model/CardMatchingGame.m; sourceTree = "<group>"; };
		8B2EB2EF1785C108009851B1 /* blueCardBack.jpg */ = {isa = PBXFileReference; lastKnownFileType = image.jpeg; path = blueCardBack.jpg; sourceTree = "<group>"; };
		8B2EB2F11785C112009851B1 /* redCardBack.jpg */ = {isa = PBXFileReference; lastKnownFileType = image.jpeg; path = redCardBack.jpg; sourceTree = "<group>"; };
		8B2EB2F31786EAB3009851B1 /* GameResultViewController.h */ = {isa = PBXFileReference; fileEncoding = 4; lastKnownFileType = sourcecode.c.h; path = GameResultViewController.h; sourceTree = "<group>"; };
		8B2EB2F41786EAB3009851B1 /* GameResultViewController.m */ = {isa = PBXFileReference; fileEncoding = 4; lastKnownFileType = sourcecode.c.objc; path = GameResultViewController.m; sourceTree = "<group>"; };
		8B2EB2F61786ECAC009851B1 /* GameResult.h */ = {isa = PBXFileReference; fileEncoding = 4; lastKnownFileType = sourcecode.c.h; path = GameResult.h; sourceTree = "<group>"; };
		8B2EB2F71786ECAC009851B1 /* GameResult.m */ = {isa = PBXFileReference; fileEncoding = 4; lastKnownFileType = sourcecode.c.objc; path = GameResult.m; sourceTree = "<group>"; };
		8B3D7ED11795EBB100E8C610 /* match.png */ = {isa = PBXFileReference; lastKnownFileType = image.png; path = match.png; sourceTree = "<group>"; };
		8B3D7ED31795EE3100E8C610 /* set.png */ = {isa = PBXFileReference; lastKnownFileType = image.png; path = set.png; sourceTree = "<group>"; };
		8B3D7ED51795EFAA00E8C610 /* scores.png */ = {isa = PBXFileReference; lastKnownFileType = image.png; path = scores.png; sourceTree = "<group>"; };
		8B3D7ED71795F0B000E8C610 /* settings.png */ = {isa = PBXFileReference; lastKnownFileType = image.png; path = settings.png; sourceTree = "<group>"; };
		8B3D7ED91795F15700E8C610 /* matchismo-icons.ai */ = {isa = PBXFileReference; fileEncoding = 4; lastKnownFileType = text; path = "matchismo-icons.ai"; sourceTree = "<group>"; };
		8B3D7EF6179F169D00E8C610 /* PlayingCardView.h */ = {isa = PBXFileReference; fileEncoding = 4; lastKnownFileType = sourcecode.c.h; path = PlayingCardView.h; sourceTree = "<group>"; };
		8B3D7EF7179F169D00E8C610 /* PlayingCardView.m */ = {isa = PBXFileReference; fileEncoding = 4; lastKnownFileType = sourcecode.c.objc; path = PlayingCardView.m; sourceTree = "<group>"; };
		8B3D7F12179F177E00E8C610 /* PlayingCardCollectionViewCell.h */ = {isa = PBXFileReference; fileEncoding = 4; lastKnownFileType = sourcecode.c.h; path = PlayingCardCollectionViewCell.h; sourceTree = "<group>"; };
		8B3D7F13179F177E00E8C610 /* PlayingCardCollectionViewCell.m */ = {isa = PBXFileReference; fileEncoding = 4; lastKnownFileType = sourcecode.c.objc; path = PlayingCardCollectionViewCell.m; sourceTree = "<group>"; };
		8B3D7FA9179F2D5900E8C610 /* J♠.jpg */ = {isa = PBXFileReference; lastKnownFileType = image.jpeg; path = "J♠.jpg"; sourceTree = "<group>"; };
		8B3D7FAA179F2D5900E8C610 /* J♠@2x.jpg */ = {isa = PBXFileReference; lastKnownFileType = image.jpeg; path = "J♠@2x.jpg"; sourceTree = "<group>"; };
		8B3D7FAB179F2D5900E8C610 /* J♣.jpg */ = {isa = PBXFileReference; lastKnownFileType = image.jpeg; path = "J♣.jpg"; sourceTree = "<group>"; };
		8B3D7FAC179F2D5900E8C610 /* J♣@2x.jpg */ = {isa = PBXFileReference; lastKnownFileType = image.jpeg; path = "J♣@2x.jpg"; sourceTree = "<group>"; };
		8B3D7FAD179F2D5900E8C610 /* J♥.jpg */ = {isa = PBXFileReference; lastKnownFileType = image.jpeg; path = "J♥.jpg"; sourceTree = "<group>"; };
		8B3D7FAE179F2D5900E8C610 /* J♥@2x.jpg */ = {isa = PBXFileReference; lastKnownFileType = image.jpeg; path = "J♥@2x.jpg"; sourceTree = "<group>"; };
		8B3D7FAF179F2D5900E8C610 /* J♦.jpg */ = {isa = PBXFileReference; lastKnownFileType = image.jpeg; path = "J♦.jpg"; sourceTree = "<group>"; };
		8B3D7FB0179F2D5900E8C610 /* J♦@2x.jpg */ = {isa = PBXFileReference; lastKnownFileType = image.jpeg; path = "J♦@2x.jpg"; sourceTree = "<group>"; };
		8B3D7FB1179F2D5900E8C610 /* K♠.jpg */ = {isa = PBXFileReference; lastKnownFileType = image.jpeg; path = "K♠.jpg"; sourceTree = "<group>"; };
		8B3D7FB2179F2D5900E8C610 /* K♠@2x.jpg */ = {isa = PBXFileReference; lastKnownFileType = image.jpeg; path = "K♠@2x.jpg"; sourceTree = "<group>"; };
		8B3D7FB3179F2D5900E8C610 /* K♣.jpg */ = {isa = PBXFileReference; lastKnownFileType = image.jpeg; path = "K♣.jpg"; sourceTree = "<group>"; };
		8B3D7FB4179F2D5900E8C610 /* K♣@2x.jpg */ = {isa = PBXFileReference; lastKnownFileType = image.jpeg; path = "K♣@2x.jpg"; sourceTree = "<group>"; };
		8B3D7FB5179F2D5900E8C610 /* K♥.jpg */ = {isa = PBXFileReference; lastKnownFileType = image.jpeg; path = "K♥.jpg"; sourceTree = "<group>"; };
		8B3D7FB6179F2D5900E8C610 /* K♥@2x.jpg */ = {isa = PBXFileReference; lastKnownFileType = image.jpeg; path = "K♥@2x.jpg"; sourceTree = "<group>"; };
		8B3D7FB7179F2D5900E8C610 /* K♦.jpg */ = {isa = PBXFileReference; lastKnownFileType = image.jpeg; path = "K♦.jpg"; sourceTree = "<group>"; };
		8B3D7FB8179F2D5900E8C610 /* K♦@2x.jpg */ = {isa = PBXFileReference; lastKnownFileType = image.jpeg; path = "K♦@2x.jpg"; sourceTree = "<group>"; };
		8B3D7FB9179F2D5900E8C610 /* Q♠.jpg */ = {isa = PBXFileReference; lastKnownFileType = image.jpeg; path = "Q♠.jpg"; sourceTree = "<group>"; };
		8B3D7FBA179F2D5900E8C610 /* Q♠@2x.jpg */ = {isa = PBXFileReference; lastKnownFileType = image.jpeg; path = "Q♠@2x.jpg"; sourceTree = "<group>"; };
		8B3D7FBB179F2D5900E8C610 /* Q♣.jpg */ = {isa = PBXFileReference; lastKnownFileType = image.jpeg; path = "Q♣.jpg"; sourceTree = "<group>"; };
		8B3D7FBC179F2D5900E8C610 /* Q♣@2x.jpg */ = {isa = PBXFileReference; lastKnownFileType = image.jpeg; path = "Q♣@2x.jpg"; sourceTree = "<group>"; };
		8B3D7FBD179F2D5900E8C610 /* Q♥.jpg */ = {isa = PBXFileReference; lastKnownFileType = image.jpeg; path = "Q♥.jpg"; sourceTree = "<group>"; };
		8B3D7FBE179F2D5900E8C610 /* Q♥@2x.jpg */ = {isa = PBXFileReference; lastKnownFileType = image.jpeg; path = "Q♥@2x.jpg"; sourceTree = "<group>"; };
		8B3D7FBF179F2D5900E8C610 /* Q♦.jpg */ = {isa = PBXFileReference; lastKnownFileType = image.jpeg; path = "Q♦.jpg"; sourceTree = "<group>"; };
		8B3D7FC0179F2D5900E8C610 /* Q♦@2x.jpg */ = {isa = PBXFileReference; lastKnownFileType = image.jpeg; path = "Q♦@2x.jpg"; sourceTree = "<group>"; };
		8B7AB37417A011D7002232BE /* SetCardView.h */ = {isa = PBXFileReference; fileEncoding = 4; lastKnownFileType = sourcecode.c.h; path = SetCardView.h; sourceTree = "<group>"; };
		8B7AB37517A011D7002232BE /* SetCardView.m */ = {isa = PBXFileReference; fileEncoding = 4; lastKnownFileType = sourcecode.c.objc; path = SetCardView.m; sourceTree = "<group>"; };
		8B7AB37817A01272002232BE /* SetCardCollectionViewCell.h */ = {isa = PBXFileReference; fileEncoding = 4; lastKnownFileType = sourcecode.c.h; path = SetCardCollectionViewCell.h; sourceTree = "<group>"; };
		8B7AB37917A01272002232BE /* SetCardCollectionViewCell.m */ = {isa = PBXFileReference; fileEncoding = 4; lastKnownFileType = sourcecode.c.objc; path = SetCardCollectionViewCell.m; sourceTree = "<group>"; };
		8B86394717B0620200824563 /* CardView.h */ = {isa = PBXFileReference; fileEncoding = 4; lastKnownFileType = sourcecode.c.h; path = CardView.h; sourceTree = "<group>"; };
		8B86394817B0620200824563 /* CardView.m */ = {isa = PBXFileReference; fileEncoding = 4; lastKnownFileType = sourcecode.c.objc; path = CardView.m; sourceTree = "<group>"; };
		8BD84305178B62FC000319DF /* SetCard.h */ = {isa = PBXFileReference; fileEncoding = 4; lastKnownFileType = sourcecode.c.h; name = SetCard.h; path = Model/SetCard.h; sourceTree = "<group>"; };
		8BD84306178B62FC000319DF /* SetCard.m */ = {isa = PBXFileReference; fileEncoding = 4; lastKnownFileType = sourcecode.c.objc; name = SetCard.m; path = Model/SetCard.m; sourceTree = "<group>"; };
		8BD84308178C881B000319DF /* SetCardGameViewController.h */ = {isa = PBXFileReference; fileEncoding = 4; lastKnownFileType = sourcecode.c.h; path = SetCardGameViewController.h; sourceTree = "<group>"; };
		8BD84309178C881B000319DF /* SetCardGameViewController.m */ = {isa = PBXFileReference; fileEncoding = 4; lastKnownFileType = sourcecode.c.objc; path = SetCardGameViewController.m; sourceTree = "<group>"; };
		8BE19A941796E63B00A4CE0D /* Settings.h */ = {isa = PBXFileReference; fileEncoding = 4; lastKnownFileType = sourcecode.c.h; name = Settings.h; path = Model/Settings.h; sourceTree = "<group>"; };
		8BE19A951796E63B00A4CE0D /* Settings.m */ = {isa = PBXFileReference; fileEncoding = 4; lastKnownFileType = sourcecode.c.objc; name = Settings.m; path = Model/Settings.m; sourceTree = "<group>"; };
		8BE19A971797123F00A4CE0D /* SettingsViewController.h */ = {isa = PBXFileReference; fileEncoding = 4; lastKnownFileType = sourcecode.c.h; path = SettingsViewController.h; sourceTree = "<group>"; };
		8BE19A981797123F00A4CE0D /* SettingsViewController.m */ = {isa = PBXFileReference; fileEncoding = 4; lastKnownFileType = sourcecode.c.objc; path = SettingsViewController.m; sourceTree = "<group>"; };
		8BF1D798178C4AF000F91A72 /* SetCardDeck.h */ = {isa = PBXFileReference; fileEncoding = 4; lastKnownFileType = sourcecode.c.h; name = SetCardDeck.h; path = Model/SetCardDeck.h; sourceTree = "<group>"; };
		8BF1D799178C4AF000F91A72 /* SetCardDeck.m */ = {isa = PBXFileReference; fileEncoding = 4; lastKnownFileType = sourcecode.c.objc; name = SetCardDeck.m; path = Model/SetCardDeck.m; sourceTree = "<group>"; };
		8BF1D79B178C61ED00F91A72 /* PlayingCardGameViewController.h */ = {isa = PBXFileReference; fileEncoding = 4; lastKnownFileType = sourcecode.c.h; path = PlayingCardGameViewController.h; sourceTree = "<group>"; };
		8BF1D79C178C61ED00F91A72 /* PlayingCardGameViewController.m */ = {isa = PBXFileReference; fileEncoding = 4; lastKnownFileType = sourcecode.c.objc; path = PlayingCardGameViewController.m; sourceTree = "<group>"; };
/* End PBXFileReference section */

/* Begin PBXFrameworksBuildPhase section */
		8B2EB2B31785A604009851B1 /* Frameworks */ = {
			isa = PBXFrameworksBuildPhase;
			buildActionMask = 2147483647;
			files = (
				8B2EB2BA1785A604009851B1 /* UIKit.framework in Frameworks */,
				8B2EB2BC1785A604009851B1 /* Foundation.framework in Frameworks */,
				8B2EB2BE1785A604009851B1 /* CoreGraphics.framework in Frameworks */,
			);
			runOnlyForDeploymentPostprocessing = 0;
		};
/* End PBXFrameworksBuildPhase section */

/* Begin PBXGroup section */
		8B2EB2AD1785A604009851B1 = {
			isa = PBXGroup;
			children = (
				8B2EB2BF1785A604009851B1 /* Matchismo */,
				8B2EB2B81785A604009851B1 /* Frameworks */,
				8B2EB2B71785A604009851B1 /* Products */,
			);
			sourceTree = "<group>";
		};
		8B2EB2B71785A604009851B1 /* Products */ = {
			isa = PBXGroup;
			children = (
				8B2EB2B61785A604009851B1 /* Matchismo.app */,
			);
			name = Products;
			sourceTree = "<group>";
		};
		8B2EB2B81785A604009851B1 /* Frameworks */ = {
			isa = PBXGroup;
			children = (
				8B2EB2B91785A604009851B1 /* UIKit.framework */,
				8B2EB2BB1785A604009851B1 /* Foundation.framework */,
				8B2EB2BD1785A604009851B1 /* CoreGraphics.framework */,
			);
			name = Frameworks;
			sourceTree = "<group>";
		};
		8B2EB2BF1785A604009851B1 /* Matchismo */ = {
			isa = PBXGroup;
			children = (
				8B2EB2DF1785B19C009851B1 /* Model */,
				8B7AB373179EBA47002232BE /* GameResult */,
				8BB1567117D4E03F00AE5B8E /* Settings */,
				8B86394617B061A200824563 /* CardView */,
				8B2EB2D11785A604009851B1 /* MainStoryboard.storyboard */,
				8B2EB2D41785A604009851B1 /* CardGameViewController.h */,
				8B2EB2D51785A604009851B1 /* CardGameViewController.m */,
				8BF1D79B178C61ED00F91A72 /* PlayingCardGameViewController.h */,
				8BF1D79C178C61ED00F91A72 /* PlayingCardGameViewController.m */,
				8BD84308178C881B000319DF /* SetCardGameViewController.h */,
				8BD84309178C881B000319DF /* SetCardGameViewController.m */,
				8B2EB2C01785A604009851B1 /* Supporting Files */,
			);
			path = Matchismo;
			sourceTree = "<group>";
		};
		8B2EB2C01785A604009851B1 /* Supporting Files */ = {
			isa = PBXGroup;
			children = (
				8B3D7ED91795F15700E8C610 /* matchismo-icons.ai */,
				8B3D7ED71795F0B000E8C610 /* settings.png */,
				8B3D7ED51795EFAA00E8C610 /* scores.png */,
				8B3D7ED31795EE3100E8C610 /* set.png */,
				8B3D7ED11795EBB100E8C610 /* match.png */,
				8B2EB2F11785C112009851B1 /* redCardBack.jpg */,
				8B2EB2EF1785C108009851B1 /* blueCardBack.jpg */,
				8B2EB2C81785A604009851B1 /* CardGameAppDelegate.h */,
				8B2EB2C91785A604009851B1 /* CardGameAppDelegate.m */,
				8B2EB2C11785A604009851B1 /* Matchismo-Info.plist */,
				8B2EB2C21785A604009851B1 /* InfoPlist.strings */,
				8B2EB2C51785A604009851B1 /* main.m */,
				8B2EB2C71785A604009851B1 /* Matchismo-Prefix.pch */,
				8B2EB2CB1785A604009851B1 /* Default.png */,
				8B2EB2CD1785A604009851B1 /* Default@2x.png */,
				8B2EB2CF1785A604009851B1 /* Default-568h@2x.png */,
			);
			name = "Supporting Files";
			sourceTree = "<group>";
		};
		8B2EB2DF1785B19C009851B1 /* Model */ = {
			isa = PBXGroup;
			children = (
				8B2EB2DC1785B196009851B1 /* Card.h */,
				8B2EB2DD1785B196009851B1 /* Card.m */,
				8B2EB2E01785B1B8009851B1 /* Deck.h */,
				8B2EB2E11785B1B8009851B1 /* Deck.m */,
				8B2EB2E31785B1DB009851B1 /* PlayingCard.h */,
				8B2EB2E41785B1DB009851B1 /* PlayingCard.m */,
				8B2EB2E91785B30B009851B1 /* PlayingCardDeck.h */,
				8B2EB2EA1785B30B009851B1 /* PlayingCardDeck.m */,
				8BD84305178B62FC000319DF /* SetCard.h */,
				8BD84306178B62FC000319DF /* SetCard.m */,
				8BF1D798178C4AF000F91A72 /* SetCardDeck.h */,
				8BF1D799178C4AF000F91A72 /* SetCardDeck.m */,
				8B2EB2EC1785BA26009851B1 /* CardMatchingGame.h */,
				8B2EB2ED1785BA26009851B1 /* CardMatchingGame.m */,
			);
			name = Model;
			sourceTree = "<group>";
		};
		8B3D7EDB179F166C00E8C610 /* PlayingCardView */ = {
			isa = PBXGroup;
			children = (
				8B3D7FA8179F2D5900E8C610 /* Face Card Images */,
				8B3D7EF6179F169D00E8C610 /* PlayingCardView.h */,
				8B3D7EF7179F169D00E8C610 /* PlayingCardView.m */,
				8B3D7F12179F177E00E8C610 /* PlayingCardCollectionViewCell.h */,
				8B3D7F13179F177E00E8C610 /* PlayingCardCollectionViewCell.m */,
			);
			name = PlayingCardView;
			sourceTree = "<group>";
		};
		8B3D7FA8179F2D5900E8C610 /* Face Card Images */ = {
			isa = PBXGroup;
			children = (
				8B3D7FA9179F2D5900E8C610 /* J♠.jpg */,
				8B3D7FAA179F2D5900E8C610 /* J♠@2x.jpg */,
				8B3D7FAB179F2D5900E8C610 /* J♣.jpg */,
				8B3D7FAC179F2D5900E8C610 /* J♣@2x.jpg */,
				8B3D7FAD179F2D5900E8C610 /* J♥.jpg */,
				8B3D7FAE179F2D5900E8C610 /* J♥@2x.jpg */,
				8B3D7FAF179F2D5900E8C610 /* J♦.jpg */,
				8B3D7FB0179F2D5900E8C610 /* J♦@2x.jpg */,
				8B3D7FB1179F2D5900E8C610 /* K♠.jpg */,
				8B3D7FB2179F2D5900E8C610 /* K♠@2x.jpg */,
				8B3D7FB3179F2D5900E8C610 /* K♣.jpg */,
				8B3D7FB4179F2D5900E8C610 /* K♣@2x.jpg */,
				8B3D7FB5179F2D5900E8C610 /* K♥.jpg */,
				8B3D7FB6179F2D5900E8C610 /* K♥@2x.jpg */,
				8B3D7FB7179F2D5900E8C610 /* K♦.jpg */,
				8B3D7FB8179F2D5900E8C610 /* K♦@2x.jpg */,
				8B3D7FB9179F2D5900E8C610 /* Q♠.jpg */,
				8B3D7FBA179F2D5900E8C610 /* Q♠@2x.jpg */,
				8B3D7FBB179F2D5900E8C610 /* Q♣.jpg */,
				8B3D7FBC179F2D5900E8C610 /* Q♣@2x.jpg */,
				8B3D7FBD179F2D5900E8C610 /* Q♥.jpg */,
				8B3D7FBE179F2D5900E8C610 /* Q♥@2x.jpg */,
				8B3D7FBF179F2D5900E8C610 /* Q♦.jpg */,
				8B3D7FC0179F2D5900E8C610 /* Q♦@2x.jpg */,
			);
			path = "Face Card Images";
			sourceTree = "<group>";
		};
		8B7AB373179EBA47002232BE /* GameResult */ = {
			isa = PBXGroup;
			children = (
				8B2EB2F61786ECAC009851B1 /* GameResult.h */,
				8B2EB2F71786ECAC009851B1 /* GameResult.m */,
				8B2EB2F31786EAB3009851B1 /* GameResultViewController.h */,
				8B2EB2F41786EAB3009851B1 /* GameResultViewController.m */,
			);
			name = GameResult;
			sourceTree = "<group>";
		};
		8B7AB37717A011EA002232BE /* SetCardView */ = {
			isa = PBXGroup;
			children = (
				8B7AB37417A011D7002232BE /* SetCardView.h */,
				8B7AB37517A011D7002232BE /* SetCardView.m */,
				8B7AB37817A01272002232BE /* SetCardCollectionViewCell.h */,
				8B7AB37917A01272002232BE /* SetCardCollectionViewCell.m */,
			);
			name = SetCardView;
			sourceTree = "<group>";
		};
		8B86394617B061A200824563 /* CardView */ = {
			isa = PBXGroup;
			children = (
				8B86394717B0620200824563 /* CardView.h */,
				8B86394817B0620200824563 /* CardView.m */,
				8B3D7EDB179F166C00E8C610 /* PlayingCardView */,
				8B7AB37717A011EA002232BE /* SetCardView */,
			);
			name = CardView;
			sourceTree = "<group>";
		};
		8BB1567117D4E03F00AE5B8E /* Settings */ = {
			isa = PBXGroup;
			children = (
				8BE19A941796E63B00A4CE0D /* Settings.h */,
				8BE19A951796E63B00A4CE0D /* Settings.m */,
				8BE19A971797123F00A4CE0D /* SettingsViewController.h */,
				8BE19A981797123F00A4CE0D /* SettingsViewController.m */,
			);
			name = Settings;
			sourceTree = "<group>";
		};
/* End PBXGroup section */

/* Begin PBXNativeTarget section */
		8B2EB2B51785A604009851B1 /* Matchismo */ = {
			isa = PBXNativeTarget;
			buildConfigurationList = 8B2EB2D91785A604009851B1 /* Build configuration list for PBXNativeTarget "Matchismo" */;
			buildPhases = (
				8B2EB2B21785A604009851B1 /* Sources */,
				8B2EB2B31785A604009851B1 /* Frameworks */,
				8B2EB2B41785A604009851B1 /* Resources */,
			);
			buildRules = (
			);
			dependencies = (
			);
			name = Matchismo;
			productName = Matchismo;
			productReference = 8B2EB2B61785A604009851B1 /* Matchismo.app */;
			productType = "com.apple.product-type.application";
		};
/* End PBXNativeTarget section */

/* Begin PBXProject section */
		8B2EB2AE1785A604009851B1 /* Project object */ = {
			isa = PBXProject;
			attributes = {
				CLASSPREFIX = CardGame;
				LastUpgradeCheck = 0460;
				ORGANIZATIONNAME = tadija;
			};
			buildConfigurationList = 8B2EB2B11785A604009851B1 /* Build configuration list for PBXProject "Matchismo" */;
			compatibilityVersion = "Xcode 3.2";
			developmentRegion = English;
			hasScannedForEncodings = 0;
			knownRegions = (
				en,
			);
			mainGroup = 8B2EB2AD1785A604009851B1;
			productRefGroup = 8B2EB2B71785A604009851B1 /* Products */;
			projectDirPath = "";
			projectRoot = "";
			targets = (
				8B2EB2B51785A604009851B1 /* Matchismo */,
			);
		};
/* End PBXProject section */

/* Begin PBXResourcesBuildPhase section */
		8B2EB2B41785A604009851B1 /* Resources */ = {
			isa = PBXResourcesBuildPhase;
			buildActionMask = 2147483647;
			files = (
				8B2EB2C41785A604009851B1 /* InfoPlist.strings in Resources */,
				8B2EB2CC1785A604009851B1 /* Default.png in Resources */,
				8B2EB2CE1785A604009851B1 /* Default@2x.png in Resources */,
				8B2EB2D01785A604009851B1 /* Default-568h@2x.png in Resources */,
				8B2EB2D31785A604009851B1 /* MainStoryboard.storyboard in Resources */,
				8B2EB2F01785C108009851B1 /* blueCardBack.jpg in Resources */,
				8B2EB2F21785C112009851B1 /* redCardBack.jpg in Resources */,
				8B3D7ED21795EBB100E8C610 /* match.png in Resources */,
				8B3D7ED41795EE3100E8C610 /* set.png in Resources */,
				8B3D7ED61795EFAA00E8C610 /* scores.png in Resources */,
				8B3D7ED81795F0B000E8C610 /* settings.png in Resources */,
				8B3D7EDA1795F15700E8C610 /* matchismo-icons.ai in Resources */,
				8B3D7FC1179F2D5900E8C610 /* J♠.jpg in Resources */,
				8B3D7FC2179F2D5900E8C610 /* J♠@2x.jpg in Resources */,
				8B3D7FC3179F2D5900E8C610 /* J♣.jpg in Resources */,
				8B3D7FC4179F2D5900E8C610 /* J♣@2x.jpg in Resources */,
				8B3D7FC5179F2D5900E8C610 /* J♥.jpg in Resources */,
				8B3D7FC6179F2D5900E8C610 /* J♥@2x.jpg in Resources */,
				8B3D7FC7179F2D5900E8C610 /* J♦.jpg in Resources */,
				8B3D7FC8179F2D5900E8C610 /* J♦@2x.jpg in Resources */,
				8B3D7FC9179F2D5900E8C610 /* K♠.jpg in Resources */,
				8B3D7FCA179F2D5900E8C610 /* K♠@2x.jpg in Resources */,
				8B3D7FCB179F2D5900E8C610 /* K♣.jpg in Resources */,
				8B3D7FCC179F2D5900E8C610 /* K♣@2x.jpg in Resources */,
				8B3D7FCD179F2D5900E8C610 /* K♥.jpg in Resources */,
				8B3D7FCE179F2D5900E8C610 /* K♥@2x.jpg in Resources */,
				8B3D7FCF179F2D5900E8C610 /* K♦.jpg in Resources */,
				8B3D7FD0179F2D5900E8C610 /* K♦@2x.jpg in Resources */,
				8B3D7FD1179F2D5900E8C610 /* Q♠.jpg in Resources */,
				8B3D7FD2179F2D5900E8C610 /* Q♠@2x.jpg in Resources */,
				8B3D7FD3179F2D5900E8C610 /* Q♣.jpg in Resources */,
				8B3D7FD4179F2D5900E8C610 /* Q♣@2x.jpg in Resources */,
				8B3D7FD5179F2D5900E8C610 /* Q♥.jpg in Resources */,
				8B3D7FD6179F2D5900E8C610 /* Q♥@2x.jpg in Resources */,
				8B3D7FD7179F2D5900E8C610 /* Q♦.jpg in Resources */,
				8B3D7FD8179F2D5900E8C610 /* Q♦@2x.jpg in Resources */,
			);
			runOnlyForDeploymentPostprocessing = 0;
		};
/* End PBXResourcesBuildPhase section */

/* Begin PBXSourcesBuildPhase section */
		8B2EB2B21785A604009851B1 /* Sources */ = {
			isa = PBXSourcesBuildPhase;
			buildActionMask = 2147483647;
			files = (
				8B2EB2C61785A604009851B1 /* main.m in Sources */,
				8B2EB2CA1785A604009851B1 /* CardGameAppDelegate.m in Sources */,
				8B2EB2D61785A604009851B1 /* CardGameViewController.m in Sources */,
				8B2EB2DE1785B196009851B1 /* Card.m in Sources */,
				8B2EB2E21785B1B8009851B1 /* Deck.m in Sources */,
				8B2EB2E51785B1DB009851B1 /* PlayingCard.m in Sources */,
				8B2EB2EB1785B30B009851B1 /* PlayingCardDeck.m in Sources */,
				8B2EB2EE1785BA26009851B1 /* CardMatchingGame.m in Sources */,
				8B2EB2F51786EAB3009851B1 /* GameResultViewController.m in Sources */,
				8B2EB2F81786ECAC009851B1 /* GameResult.m in Sources */,
				8BD84307178B62FC000319DF /* SetCard.m in Sources */,
				8BF1D79A178C4AF000F91A72 /* SetCardDeck.m in Sources */,
				8BF1D79D178C61ED00F91A72 /* PlayingCardGameViewController.m in Sources */,
				8BD8430A178C881B000319DF /* SetCardGameViewController.m in Sources */,
				8BE19A961796E63B00A4CE0D /* Settings.m in Sources */,
				8BE19A991797123F00A4CE0D /* SettingsViewController.m in Sources */,
				8B3D7F11179F169D00E8C610 /* PlayingCardView.m in Sources */,
				8B3D7F14179F177E00E8C610 /* PlayingCardCollectionViewCell.m in Sources */,
				8B7AB37617A011D7002232BE /* SetCardView.m in Sources */,
				8B7AB37A17A01272002232BE /* SetCardCollectionViewCell.m in Sources */,
				8B86394917B0620200824563 /* CardView.m in Sources */,
			);
			runOnlyForDeploymentPostprocessing = 0;
		};
/* End PBXSourcesBuildPhase section */

/* Begin PBXVariantGroup section */
		8B2EB2C21785A604009851B1 /* InfoPlist.strings */ = {
			isa = PBXVariantGroup;
			children = (
				8B2EB2C31785A604009851B1 /* en */,
			);
			name = InfoPlist.strings;
			sourceTree = "<group>";
		};
		8B2EB2D11785A604009851B1 /* MainStoryboard.storyboard */ = {
			isa = PBXVariantGroup;
			children = (
				8B2EB2D21785A604009851B1 /* en */,
			);
			name = MainStoryboard.storyboard;
			sourceTree = "<group>";
		};
/* End PBXVariantGroup section */

/* Begin XCBuildConfiguration section */
		8B2EB2D71785A604009851B1 /* Debug */ = {
			isa = XCBuildConfiguration;
			buildSettings = {
				ALWAYS_SEARCH_USER_PATHS = NO;
				CLANG_CXX_LANGUAGE_STANDARD = "gnu++0x";
				CLANG_CXX_LIBRARY = "libc++";
				CLANG_ENABLE_OBJC_ARC = YES;
				CLANG_WARN_CONSTANT_CONVERSION = YES;
				CLANG_WARN_EMPTY_BODY = YES;
				CLANG_WARN_ENUM_CONVERSION = YES;
				CLANG_WARN_INT_CONVERSION = YES;
				CLANG_WARN__DUPLICATE_METHOD_MATCH = YES;
				"CODE_SIGN_IDENTITY[sdk=iphoneos*]" = "iPhone Developer";
				COPY_PHASE_STRIP = NO;
				GCC_C_LANGUAGE_STANDARD = gnu99;
				GCC_DYNAMIC_NO_PIC = NO;
				GCC_OPTIMIZATION_LEVEL = 0;
				GCC_PREPROCESSOR_DEFINITIONS = (
					"DEBUG=1",
					"$(inherited)",
				);
				GCC_SYMBOLS_PRIVATE_EXTERN = NO;
				GCC_WARN_ABOUT_RETURN_TYPE = YES;
				GCC_WARN_UNINITIALIZED_AUTOS = YES;
				GCC_WARN_UNUSED_VARIABLE = YES;
				IPHONEOS_DEPLOYMENT_TARGET = 6.1;
				ONLY_ACTIVE_ARCH = YES;
				SDKROOT = iphoneos;
			};
			name = Debug;
		};
		8B2EB2D81785A604009851B1 /* Release */ = {
			isa = XCBuildConfiguration;
			buildSettings = {
				ALWAYS_SEARCH_USER_PATHS = NO;
				CLANG_CXX_LANGUAGE_STANDARD = "gnu++0x";
				CLANG_CXX_LIBRARY = "libc++";
				CLANG_ENABLE_OBJC_ARC = YES;
				CLANG_WARN_CONSTANT_CONVERSION = YES;
				CLANG_WARN_EMPTY_BODY = YES;
				CLANG_WARN_ENUM_CONVERSION = YES;
				CLANG_WARN_INT_CONVERSION = YES;
				CLANG_WARN__DUPLICATE_METHOD_MATCH = YES;
				"CODE_SIGN_IDENTITY[sdk=iphoneos*]" = "iPhone Developer";
				COPY_PHASE_STRIP = YES;
				GCC_C_LANGUAGE_STANDARD = gnu99;
				GCC_WARN_ABOUT_RETURN_TYPE = YES;
				GCC_WARN_UNINITIALIZED_AUTOS = YES;
				GCC_WARN_UNUSED_VARIABLE = YES;
				IPHONEOS_DEPLOYMENT_TARGET = 6.1;
				OTHER_CFLAGS = "-DNS_BLOCK_ASSERTIONS=1";
				SDKROOT = iphoneos;
				VALIDATE_PRODUCT = YES;
			};
			name = Release;
		};
		8B2EB2DA1785A604009851B1 /* Debug */ = {
			isa = XCBuildConfiguration;
			buildSettings = {
				GCC_PRECOMPILE_PREFIX_HEADER = YES;
				GCC_PREFIX_HEADER = "Matchismo/Matchismo-Prefix.pch";
				INFOPLIST_FILE = "Matchismo/Matchismo-Info.plist";
				PRODUCT_NAME = "$(TARGET_NAME)";
				WRAPPER_EXTENSION = app;
			};
			name = Debug;
		};
		8B2EB2DB1785A604009851B1 /* Release */ = {
			isa = XCBuildConfiguration;
			buildSettings = {
				GCC_PRECOMPILE_PREFIX_HEADER = YES;
				GCC_PREFIX_HEADER = "Matchismo/Matchismo-Prefix.pch";
				INFOPLIST_FILE = "Matchismo/Matchismo-Info.plist";
				PRODUCT_NAME = "$(TARGET_NAME)";
				WRAPPER_EXTENSION = app;
			};
			name = Release;
		};
/* End XCBuildConfiguration section */

/* Begin XCConfigurationList section */
		8B2EB2B11785A604009851B1 /* Build configuration list for PBXProject "Matchismo" */ = {
			isa = XCConfigurationList;
			buildConfigurations = (
				8B2EB2D71785A604009851B1 /* Debug */,
				8B2EB2D81785A604009851B1 /* Release */,
			);
			defaultConfigurationIsVisible = 0;
			defaultConfigurationName = Release;
		};
		8B2EB2D91785A604009851B1 /* Build configuration list for PBXNativeTarget "Matchismo" */ = {
			isa = XCConfigurationList;
			buildConfigurations = (
				8B2EB2DA1785A604009851B1 /* Debug */,
				8B2EB2DB1785A604009851B1 /* Release */,
			);
			defaultConfigurationIsVisible = 0;
			defaultConfigurationName = Release;
		};
/* End XCConfigurationList section */
	};
	rootObject = 8B2EB2AE1785A604009851B1 /* Project object */;
}
